// !$*UTF8*$!
{
	archiveVersion = 1;
	classes = {
	};
	objectVersion = 46;
	objects = {

/* Begin PBXBuildFile section */
		0968D7FB135F875C00E937B9 /* OHAutoNIBi18n.m in Sources */ = {isa = PBXBuildFile; fileRef = 0968D7FA135F875C00E937B9 /* OHAutoNIBi18n.m */; };
		0969D1B6135B1D7F00E5170E /* Flag.png in Resources */ = {isa = PBXBuildFile; fileRef = 0969D1B5135B1D7F00E5170E /* Flag.png */; };
		0969D1BB135B1E0500E5170E /* Localizable.strings in Resources */ = {isa = PBXBuildFile; fileRef = 0969D1BA135B1E0500E5170E /* Localizable.strings */; };
		0969D1FC135B231000E5170E /* Icon.png in Resources */ = {isa = PBXBuildFile; fileRef = 0969D1FB135B231000E5170E /* Icon.png */; };
		1D3623260D0F684500981E51 /* OHAutoNIBi18n_AppDelegate.m in Sources */ = {isa = PBXBuildFile; fileRef = 1D3623250D0F684500981E51 /* OHAutoNIBi18n_AppDelegate.m */; };
		1D60589B0D05DD56006BFB54 /* main.m in Sources */ = {isa = PBXBuildFile; fileRef = 29B97316FDCFA39411CA2CEA /* main.m */; };
		1D60589F0D05DD5A006BFB54 /* Foundation.framework in Frameworks */ = {isa = PBXBuildFile; fileRef = 1D30AB110D05D00D00671497 /* Foundation.framework */; };
		1DF5F4E00D08C38300B7A737 /* UIKit.framework in Frameworks */ = {isa = PBXBuildFile; fileRef = 1DF5F4DF0D08C38300B7A737 /* UIKit.framework */; };
		288765FD0DF74451002DB57D /* CoreGraphics.framework in Frameworks */ = {isa = PBXBuildFile; fileRef = 288765FC0DF74451002DB57D /* CoreGraphics.framework */; };
		28AD733F0D9D9553002E5188 /* MainViewController.xib in Resources */ = {isa = PBXBuildFile; fileRef = 28AD733E0D9D9553002E5188 /* MainViewController.xib */; };
		47A2A8CE17D614E900E6D434 /* MainViewController.m in Sources */ = {isa = PBXBuildFile; fileRef = 47A2A8CD17D614E900E6D434 /* MainViewController.m */; };
		47A2A8D217D6199A00E6D434 /* Default-568h@2x.png in Resources */ = {isa = PBXBuildFile; fileRef = 47A2A8D117D6199A00E6D434 /* Default-568h@2x.png */; };
		47F8308A17D605EA00F1F2D7 /* LICENSE in Resources */ = {isa = PBXBuildFile; fileRef = 47F8308817D605EA00F1F2D7 /* LICENSE */; };
		47F8308B17D605EA00F1F2D7 /* README.md in Resources */ = {isa = PBXBuildFile; fileRef = 47F8308917D605EA00F1F2D7 /* README.md */; };
		554A54411C8ECD610051C4B3 /* Localizable.strings in Resources */ = {isa = PBXBuildFile; fileRef = 0969D1BA135B1E0500E5170E /* Localizable.strings */; };
		554A54421C8ECD620051C4B3 /* Localizable.strings in Resources */ = {isa = PBXBuildFile; fileRef = 0969D1BA135B1E0500E5170E /* Localizable.strings */; };
		557E845A1C8D75D600AAF6B9 /* Interface.storyboard in Resources */ = {isa = PBXBuildFile; fileRef = 557E84581C8D75D600AAF6B9 /* Interface.storyboard */; };
		557E845C1C8D75D600AAF6B9 /* Assets.xcassets in Resources */ = {isa = PBXBuildFile; fileRef = 557E845B1C8D75D600AAF6B9 /* Assets.xcassets */; };
		557E84631C8D75D600AAF6B9 /* watch Extension.appex in Embed App Extensions */ = {isa = PBXBuildFile; fileRef = 557E84621C8D75D600AAF6B9 /* watch Extension.appex */; settings = {ATTRIBUTES = (RemoveHeadersOnCopy, ); }; };
		557E84691C8D75D600AAF6B9 /* InterfaceController.m in Sources */ = {isa = PBXBuildFile; fileRef = 557E84681C8D75D600AAF6B9 /* InterfaceController.m */; };
		557E846C1C8D75D600AAF6B9 /* ExtensionDelegate.m in Sources */ = {isa = PBXBuildFile; fileRef = 557E846B1C8D75D600AAF6B9 /* ExtensionDelegate.m */; };
		557E846E1C8D75D600AAF6B9 /* Assets.xcassets in Resources */ = {isa = PBXBuildFile; fileRef = 557E846D1C8D75D600AAF6B9 /* Assets.xcassets */; };
		557E84721C8D75D600AAF6B9 /* watch.app in Embed Watch Content */ = {isa = PBXBuildFile; fileRef = 557E84561C8D75D600AAF6B9 /* watch.app */; };
		557E847D1C8D822B00AAF6B9 /* UIKit.framework in Frameworks */ = {isa = PBXBuildFile; fileRef = 557E847C1C8D822B00AAF6B9 /* UIKit.framework */; };
		557E84811C8D82CA00AAF6B9 /* WatchKit.framework in Frameworks */ = {isa = PBXBuildFile; fileRef = 557E84801C8D82CA00AAF6B9 /* WatchKit.framework */; };
		557E84831C8D888F00AAF6B9 /* OHAutoNIBiOS.m in Sources */ = {isa = PBXBuildFile; fileRef = 557E84821C8D888F00AAF6B9 /* OHAutoNIBiOS.m */; };
		557E848A1C8DB4E600AAF6B9 /* OHAutoNIBi18n.m in Sources */ = {isa = PBXBuildFile; fileRef = 0968D7FA135F875C00E937B9 /* OHAutoNIBi18n.m */; };
		55D93EBD1C901035002475AF /* WatchKit.framework in Frameworks */ = {isa = PBXBuildFile; fileRef = 55D93EBC1C901035002475AF /* WatchKit.framework */; };
/* End PBXBuildFile section */

/* Begin PBXContainerItemProxy section */
		557E84641C8D75D600AAF6B9 /* PBXContainerItemProxy */ = {
			isa = PBXContainerItemProxy;
			containerPortal = 29B97313FDCFA39411CA2CEA /* Project object */;
			proxyType = 1;
			remoteGlobalIDString = 557E84611C8D75D600AAF6B9;
			remoteInfo = "watch Extension";
		};
		557E84701C8D75D600AAF6B9 /* PBXContainerItemProxy */ = {
			isa = PBXContainerItemProxy;
			containerPortal = 29B97313FDCFA39411CA2CEA /* Project object */;
			proxyType = 1;
			remoteGlobalIDString = 557E84551C8D75D600AAF6B9;
			remoteInfo = watch;
		};
/* End PBXContainerItemProxy section */

/* Begin PBXCopyFilesBuildPhase section */
		557E84781C8D75D600AAF6B9 /* Embed App Extensions */ = {
			isa = PBXCopyFilesBuildPhase;
			buildActionMask = 2147483647;
			dstPath = "";
			dstSubfolderSpec = 13;
			files = (
				557E84631C8D75D600AAF6B9 /* watch Extension.appex in Embed App Extensions */,
			);
			name = "Embed App Extensions";
			runOnlyForDeploymentPostprocessing = 0;
		};
		557E847A1C8D75D600AAF6B9 /* Embed Watch Content */ = {
			isa = PBXCopyFilesBuildPhase;
			buildActionMask = 2147483647;
			dstPath = "$(CONTENTS_FOLDER_PATH)/Watch";
			dstSubfolderSpec = 16;
			files = (
				557E84721C8D75D600AAF6B9 /* watch.app in Embed Watch Content */,
			);
			name = "Embed Watch Content";
			runOnlyForDeploymentPostprocessing = 0;
		};
/* End PBXCopyFilesBuildPhase section */

/* Begin PBXFileReference section */
		0968D7FA135F875C00E937B9 /* OHAutoNIBi18n.m */ = {isa = PBXFileReference; fileEncoding = 4; lastKnownFileType = sourcecode.c.objc; name = OHAutoNIBi18n.m; path = ../OHAutoNIBi18n.m; sourceTree = SOURCE_ROOT; };
		0969D1B2135B1D6F00E5170E /* English */ = {isa = PBXFileReference; lastKnownFileType = image.png; name = English; path = English.lproj/Flag.png; sourceTree = "<group>"; };
		0969D1B7135B1DAA00E5170E /* French */ = {isa = PBXFileReference; lastKnownFileType = image.png; name = French; path = French.lproj/Flag.png; sourceTree = "<group>"; };
		0969D1B8135B1DD400E5170E /* English */ = {isa = PBXFileReference; fileEncoding = 4; lastKnownFileType = text.plist.strings; name = English; path = English.lproj/Localizable.strings; sourceTree = "<group>"; };
		0969D1BC135B1E0A00E5170E /* French */ = {isa = PBXFileReference; lastKnownFileType = text.plist.strings; name = French; path = French.lproj/Localizable.strings; sourceTree = "<group>"; };
		0969D1FB135B231000E5170E /* Icon.png */ = {isa = PBXFileReference; lastKnownFileType = image.png; path = Icon.png; sourceTree = "<group>"; };
		1D30AB110D05D00D00671497 /* Foundation.framework */ = {isa = PBXFileReference; lastKnownFileType = wrapper.framework; name = Foundation.framework; path = System/Library/Frameworks/Foundation.framework; sourceTree = SDKROOT; };
		1D3623240D0F684500981E51 /* OHAutoNIBi18n_AppDelegate.h */ = {isa = PBXFileReference; fileEncoding = 4; lastKnownFileType = sourcecode.c.h; path = OHAutoNIBi18n_AppDelegate.h; sourceTree = "<group>"; };
		1D3623250D0F684500981E51 /* OHAutoNIBi18n_AppDelegate.m */ = {isa = PBXFileReference; fileEncoding = 4; lastKnownFileType = sourcecode.c.objc; path = OHAutoNIBi18n_AppDelegate.m; sourceTree = "<group>"; };
		1D6058910D05DD3D006BFB54 /* OHAutoNIBi18n.app */ = {isa = PBXFileReference; explicitFileType = wrapper.application; includeInIndex = 0; path = OHAutoNIBi18n.app; sourceTree = BUILT_PRODUCTS_DIR; };
		1DF5F4DF0D08C38300B7A737 /* UIKit.framework */ = {isa = PBXFileReference; lastKnownFileType = wrapper.framework; name = UIKit.framework; path = System/Library/Frameworks/UIKit.framework; sourceTree = SDKROOT; };
		288765FC0DF74451002DB57D /* CoreGraphics.framework */ = {isa = PBXFileReference; lastKnownFileType = wrapper.framework; name = CoreGraphics.framework; path = System/Library/Frameworks/CoreGraphics.framework; sourceTree = SDKROOT; };
		28AD733E0D9D9553002E5188 /* MainViewController.xib */ = {isa = PBXFileReference; lastKnownFileType = file.xib; name = MainViewController.xib; path = ../MainViewController.xib; sourceTree = "<group>"; };
		29B97316FDCFA39411CA2CEA /* main.m */ = {isa = PBXFileReference; fileEncoding = 4; lastKnownFileType = sourcecode.c.objc; name = main.m; path = ../main.m; sourceTree = "<group>"; };
		32CA4F630368D1EE00C91783 /* OHAutoNIBi18n_Prefix.pch */ = {isa = PBXFileReference; fileEncoding = 4; lastKnownFileType = sourcecode.c.h; name = OHAutoNIBi18n_Prefix.pch; path = ../OHAutoNIBi18n_Prefix.pch; sourceTree = "<group>"; };
		47A2A8CC17D614E900E6D434 /* MainViewController.h */ = {isa = PBXFileReference; fileEncoding = 4; lastKnownFileType = sourcecode.c.h; path = MainViewController.h; sourceTree = "<group>"; };
		47A2A8CD17D614E900E6D434 /* MainViewController.m */ = {isa = PBXFileReference; fileEncoding = 4; lastKnownFileType = sourcecode.c.objc; path = MainViewController.m; sourceTree = "<group>"; };
		47A2A8D017D6165600E6D434 /* OHL10nMacros.h */ = {isa = PBXFileReference; lastKnownFileType = sourcecode.c.h; name = OHL10nMacros.h; path = ../OHL10nMacros.h; sourceTree = "<group>"; };
		47A2A8D117D6199A00E6D434 /* Default-568h@2x.png */ = {isa = PBXFileReference; lastKnownFileType = image.png; path = "Default-568h@2x.png"; sourceTree = "<group>"; };
		47F8308817D605EA00F1F2D7 /* LICENSE */ = {isa = PBXFileReference; fileEncoding = 4; lastKnownFileType = text; name = LICENSE; path = ../LICENSE; sourceTree = "<group>"; };
		47F8308917D605EA00F1F2D7 /* README.md */ = {isa = PBXFileReference; fileEncoding = 4; lastKnownFileType = text; name = README.md; path = ../README.md; sourceTree = "<group>"; };
		557E84561C8D75D600AAF6B9 /* watch.app */ = {isa = PBXFileReference; explicitFileType = wrapper.application; includeInIndex = 0; path = watch.app; sourceTree = BUILT_PRODUCTS_DIR; };
		557E84591C8D75D600AAF6B9 /* Base */ = {isa = PBXFileReference; lastKnownFileType = file.storyboard; name = Base; path = Base.lproj/Interface.storyboard; sourceTree = "<group>"; };
		557E845B1C8D75D600AAF6B9 /* Assets.xcassets */ = {isa = PBXFileReference; lastKnownFileType = folder.assetcatalog; path = Assets.xcassets; sourceTree = "<group>"; };
		557E845D1C8D75D600AAF6B9 /* Info.plist */ = {isa = PBXFileReference; lastKnownFileType = text.plist.xml; path = Info.plist; sourceTree = "<group>"; };
		557E84621C8D75D600AAF6B9 /* watch Extension.appex */ = {isa = PBXFileReference; explicitFileType = "wrapper.app-extension"; includeInIndex = 0; path = "watch Extension.appex"; sourceTree = BUILT_PRODUCTS_DIR; };
		557E84671C8D75D600AAF6B9 /* InterfaceController.h */ = {isa = PBXFileReference; lastKnownFileType = sourcecode.c.h; path = InterfaceController.h; sourceTree = "<group>"; };
		557E84681C8D75D600AAF6B9 /* InterfaceController.m */ = {isa = PBXFileReference; lastKnownFileType = sourcecode.c.objc; path = InterfaceController.m; sourceTree = "<group>"; };
		557E846A1C8D75D600AAF6B9 /* ExtensionDelegate.h */ = {isa = PBXFileReference; lastKnownFileType = sourcecode.c.h; path = ExtensionDelegate.h; sourceTree = "<group>"; };
		557E846B1C8D75D600AAF6B9 /* ExtensionDelegate.m */ = {isa = PBXFileReference; lastKnownFileType = sourcecode.c.objc; path = ExtensionDelegate.m; sourceTree = "<group>"; };
		557E846D1C8D75D600AAF6B9 /* Assets.xcassets */ = {isa = PBXFileReference; lastKnownFileType = folder.assetcatalog; path = Assets.xcassets; sourceTree = "<group>"; };
		557E846F1C8D75D600AAF6B9 /* Info.plist */ = {isa = PBXFileReference; lastKnownFileType = text.plist.xml; path = Info.plist; sourceTree = "<group>"; };
		557E847B1C8D77E600AAF6B9 /* watchExtension.pch */ = {isa = PBXFileReference; fileEncoding = 4; lastKnownFileType = sourcecode.c.h; path = watchExtension.pch; sourceTree = "<group>"; };
		557E847C1C8D822B00AAF6B9 /* UIKit.framework */ = {isa = PBXFileReference; lastKnownFileType = wrapper.framework; name = UIKit.framework; path = Platforms/WatchOS.platform/Developer/SDKs/WatchOS2.2.sdk/System/Library/Frameworks/UIKit.framework; sourceTree = DEVELOPER_DIR; };
		557E847E1C8D824000AAF6B9 /* DTPerformanceSession.framework */ = {isa = PBXFileReference; lastKnownFileType = wrapper.framework; name = DTPerformanceSession.framework; path = Library/Frameworks/DTPerformanceSession.framework; sourceTree = DEVELOPER_DIR; };
		557E84801C8D82CA00AAF6B9 /* WatchKit.framework */ = {isa = PBXFileReference; lastKnownFileType = wrapper.framework; name = WatchKit.framework; path = Platforms/WatchOS.platform/Developer/SDKs/WatchOS2.2.sdk/System/Library/Frameworks/WatchKit.framework; sourceTree = DEVELOPER_DIR; };
		557E84821C8D888F00AAF6B9 /* OHAutoNIBiOS.m */ = {isa = PBXFileReference; fileEncoding = 4; lastKnownFileType = sourcecode.c.objc; name = OHAutoNIBiOS.m; path = ../OHAutoNIBiOS.m; sourceTree = "<group>"; };
		55D93EBC1C901035002475AF /* WatchKit.framework */ = {isa = PBXFileReference; lastKnownFileType = wrapper.framework; name = WatchKit.framework; path = System/Library/Frameworks/WatchKit.framework; sourceTree = SDKROOT; };
		8D1107310486CEB800E47090 /* OHAutoNIBi18n-Info.plist */ = {isa = PBXFileReference; fileEncoding = 4; lastKnownFileType = text.plist.xml; path = "OHAutoNIBi18n-Info.plist"; plistStructureDefinitionIdentifier = "com.apple.xcode.plist.structure-definition.iphone.info-plist"; sourceTree = "<group>"; };
/* End PBXFileReference section */

/* Begin PBXFrameworksBuildPhase section */
		1D60588F0D05DD3D006BFB54 /* Frameworks */ = {
			isa = PBXFrameworksBuildPhase;
			buildActionMask = 2147483647;
			files = (
				55D93EBD1C901035002475AF /* WatchKit.framework in Frameworks */,
				1D60589F0D05DD5A006BFB54 /* Foundation.framework in Frameworks */,
				1DF5F4E00D08C38300B7A737 /* UIKit.framework in Frameworks */,
				288765FD0DF74451002DB57D /* CoreGraphics.framework in Frameworks */,
			);
			runOnlyForDeploymentPostprocessing = 0;
		};
		557E845F1C8D75D600AAF6B9 /* Frameworks */ = {
			isa = PBXFrameworksBuildPhase;
			buildActionMask = 2147483647;
			files = (
				557E84811C8D82CA00AAF6B9 /* WatchKit.framework in Frameworks */,
				557E847D1C8D822B00AAF6B9 /* UIKit.framework in Frameworks */,
			);
			runOnlyForDeploymentPostprocessing = 0;
		};
/* End PBXFrameworksBuildPhase section */

/* Begin PBXGroup section */
		080E96DDFE201D6D7F000001 /* Sources */ = {
			isa = PBXGroup;
			children = (
				557E84571C8D75D600AAF6B9 /* watch */,
				557E84661C8D75D600AAF6B9 /* watch Extension */,
				1D3623240D0F684500981E51 /* OHAutoNIBi18n_AppDelegate.h */,
				1D3623250D0F684500981E51 /* OHAutoNIBi18n_AppDelegate.m */,
				47A2A8CF17D6152900E6D434 /* MainViewController */,
				29B97316FDCFA39411CA2CEA /* main.m */,
				32CA4F630368D1EE00C91783 /* OHAutoNIBi18n_Prefix.pch */,
			);
			name = Sources;
			path = Classes;
			sourceTree = "<group>";
		};
		19C28FACFE9D520D11CA2CBB /* Products */ = {
			isa = PBXGroup;
			children = (
				1D6058910D05DD3D006BFB54 /* OHAutoNIBi18n.app */,
				557E84561C8D75D600AAF6B9 /* watch.app */,
				557E84621C8D75D600AAF6B9 /* watch Extension.appex */,
			);
			name = Products;
			sourceTree = "<group>";
		};
		29B97314FDCFA39411CA2CEA /* CustomTemplate */ = {
			isa = PBXGroup;
			children = (
				557E84821C8D888F00AAF6B9 /* OHAutoNIBiOS.m */,
				47A2A8D017D6165600E6D434 /* OHL10nMacros.h */,
				0968D7FA135F875C00E937B9 /* OHAutoNIBi18n.m */,
				080E96DDFE201D6D7F000001 /* Sources */,
				29B97317FDCFA39411CA2CEA /* Resources */,
				29B97323FDCFA39411CA2CEA /* Frameworks */,
				19C28FACFE9D520D11CA2CBB /* Products */,
				47F8308817D605EA00F1F2D7 /* LICENSE */,
				47F8308917D605EA00F1F2D7 /* README.md */,
			);
			name = CustomTemplate;
			sourceTree = "<group>";
		};
		29B97317FDCFA39411CA2CEA /* Resources */ = {
			isa = PBXGroup;
			children = (
				0969D1FB135B231000E5170E /* Icon.png */,
				47A2A8D117D6199A00E6D434 /* Default-568h@2x.png */,
				0969D1B5135B1D7F00E5170E /* Flag.png */,
				0969D1BA135B1E0500E5170E /* Localizable.strings */,
				8D1107310486CEB800E47090 /* OHAutoNIBi18n-Info.plist */,
			);
			name = Resources;
			sourceTree = "<group>";
		};
		29B97323FDCFA39411CA2CEA /* Frameworks */ = {
			isa = PBXGroup;
			children = (
				55D93EBC1C901035002475AF /* WatchKit.framework */,
				557E84801C8D82CA00AAF6B9 /* WatchKit.framework */,
				557E847E1C8D824000AAF6B9 /* DTPerformanceSession.framework */,
				557E847C1C8D822B00AAF6B9 /* UIKit.framework */,
				1DF5F4DF0D08C38300B7A737 /* UIKit.framework */,
				1D30AB110D05D00D00671497 /* Foundation.framework */,
				288765FC0DF74451002DB57D /* CoreGraphics.framework */,
			);
			name = Frameworks;
			sourceTree = "<group>";
		};
		47A2A8CF17D6152900E6D434 /* MainViewController */ = {
			isa = PBXGroup;
			children = (
				47A2A8CC17D614E900E6D434 /* MainViewController.h */,
				47A2A8CD17D614E900E6D434 /* MainViewController.m */,
				28AD733E0D9D9553002E5188 /* MainViewController.xib */,
			);
			name = MainViewController;
			sourceTree = "<group>";
		};
		557E84571C8D75D600AAF6B9 /* watch */ = {
			isa = PBXGroup;
			children = (
				557E84581C8D75D600AAF6B9 /* Interface.storyboard */,
				557E845B1C8D75D600AAF6B9 /* Assets.xcassets */,
				557E845D1C8D75D600AAF6B9 /* Info.plist */,
			);
			name = watch;
			path = ../watch;
			sourceTree = "<group>";
		};
		557E84661C8D75D600AAF6B9 /* watch Extension */ = {
			isa = PBXGroup;
			children = (
				557E84671C8D75D600AAF6B9 /* InterfaceController.h */,
				557E84681C8D75D600AAF6B9 /* InterfaceController.m */,
				557E846A1C8D75D600AAF6B9 /* ExtensionDelegate.h */,
				557E846B1C8D75D600AAF6B9 /* ExtensionDelegate.m */,
				557E846D1C8D75D600AAF6B9 /* Assets.xcassets */,
				557E846F1C8D75D600AAF6B9 /* Info.plist */,
				557E847B1C8D77E600AAF6B9 /* watchExtension.pch */,
			);
			name = "watch Extension";
			path = "../watch Extension";
			sourceTree = "<group>";
		};
/* End PBXGroup section */

/* Begin PBXNativeTarget section */
		1D6058900D05DD3D006BFB54 /* OHAutoNIBi18n */ = {
			isa = PBXNativeTarget;
			buildConfigurationList = 1D6058960D05DD3E006BFB54 /* Build configuration list for PBXNativeTarget "OHAutoNIBi18n" */;
			buildPhases = (
				1D60588D0D05DD3D006BFB54 /* Resources */,
				1D60588E0D05DD3D006BFB54 /* Sources */,
				1D60588F0D05DD3D006BFB54 /* Frameworks */,
				557E847A1C8D75D600AAF6B9 /* Embed Watch Content */,
			);
			buildRules = (
			);
			dependencies = (
				557E84711C8D75D600AAF6B9 /* PBXTargetDependency */,
			);
			name = OHAutoNIBi18n;
			productName = OHAutoNIBi18n;
			productReference = 1D6058910D05DD3D006BFB54 /* OHAutoNIBi18n.app */;
			productType = "com.apple.product-type.application";
		};
		557E84551C8D75D600AAF6B9 /* watch */ = {
			isa = PBXNativeTarget;
			buildConfigurationList = 557E84791C8D75D600AAF6B9 /* Build configuration list for PBXNativeTarget "watch" */;
			buildPhases = (
				557E84541C8D75D600AAF6B9 /* Resources */,
				557E84781C8D75D600AAF6B9 /* Embed App Extensions */,
			);
			buildRules = (
			);
			dependencies = (
				557E84651C8D75D600AAF6B9 /* PBXTargetDependency */,
			);
			name = watch;
			productName = watch;
			productReference = 557E84561C8D75D600AAF6B9 /* watch.app */;
			productType = "com.apple.product-type.application.watchapp2";
		};
		557E84611C8D75D600AAF6B9 /* watch Extension */ = {
			isa = PBXNativeTarget;
			buildConfigurationList = 557E84771C8D75D600AAF6B9 /* Build configuration list for PBXNativeTarget "watch Extension" */;
			buildPhases = (
				557E845E1C8D75D600AAF6B9 /* Sources */,
				557E845F1C8D75D600AAF6B9 /* Frameworks */,
				557E84601C8D75D600AAF6B9 /* Resources */,
			);
			buildRules = (
			);
			dependencies = (
			);
			name = "watch Extension";
			productName = "watch Extension";
			productReference = 557E84621C8D75D600AAF6B9 /* watch Extension.appex */;
			productType = "com.apple.product-type.watchkit2-extension";
		};
/* End PBXNativeTarget section */

/* Begin PBXProject section */
		29B97313FDCFA39411CA2CEA /* Project object */ = {
			isa = PBXProject;
			attributes = {
				KnownAssetTags = (
					okokok,
				);
				LastUpgradeCheck = 0730;
				TargetAttributes = {
					557E84551C8D75D600AAF6B9 = {
						CreatedOnToolsVersion = 7.3;
					};
					557E84611C8D75D600AAF6B9 = {
						CreatedOnToolsVersion = 7.3;
					};
				};
			};
			buildConfigurationList = C01FCF4E08A954540054247B /* Build configuration list for PBXProject "OHAutoNIBi18n" */;
			compatibilityVersion = "Xcode 3.2";
			developmentRegion = English;
			hasScannedForEncodings = 1;
			knownRegions = (
				English,
				Japanese,
				French,
				German,
				Base,
				en,
				ja,
			);
			mainGroup = 29B97314FDCFA39411CA2CEA /* CustomTemplate */;
			projectDirPath = "";
			projectRoot = "";
			targets = (
				1D6058900D05DD3D006BFB54 /* OHAutoNIBi18n */,
				557E84551C8D75D600AAF6B9 /* watch */,
				557E84611C8D75D600AAF6B9 /* watch Extension */,
			);
		};
/* End PBXProject section */

/* Begin PBXResourcesBuildPhase section */
		1D60588D0D05DD3D006BFB54 /* Resources */ = {
			isa = PBXResourcesBuildPhase;
			buildActionMask = 2147483647;
			files = (
				28AD733F0D9D9553002E5188 /* MainViewController.xib in Resources */,
				0969D1B6135B1D7F00E5170E /* Flag.png in Resources */,
				0969D1BB135B1E0500E5170E /* Localizable.strings in Resources */,
				0969D1FC135B231000E5170E /* Icon.png in Resources */,
				47F8308A17D605EA00F1F2D7 /* LICENSE in Resources */,
				47F8308B17D605EA00F1F2D7 /* README.md in Resources */,
				47A2A8D217D6199A00E6D434 /* Default-568h@2x.png in Resources */,
			);
			runOnlyForDeploymentPostprocessing = 0;
		};
		557E84541C8D75D600AAF6B9 /* Resources */ = {
			isa = PBXResourcesBuildPhase;
			buildActionMask = 2147483647;
			files = (
				557E845C1C8D75D600AAF6B9 /* Assets.xcassets in Resources */,
				554A54421C8ECD620051C4B3 /* Localizable.strings in Resources */,
				557E845A1C8D75D600AAF6B9 /* Interface.storyboard in Resources */,
			);
			runOnlyForDeploymentPostprocessing = 0;
		};
		557E84601C8D75D600AAF6B9 /* Resources */ = {
			isa = PBXResourcesBuildPhase;
			buildActionMask = 2147483647;
			files = (
				557E846E1C8D75D600AAF6B9 /* Assets.xcassets in Resources */,
				554A54411C8ECD610051C4B3 /* Localizable.strings in Resources */,
			);
			runOnlyForDeploymentPostprocessing = 0;
		};
/* End PBXResourcesBuildPhase section */

/* Begin PBXSourcesBuildPhase section */
		1D60588E0D05DD3D006BFB54 /* Sources */ = {
			isa = PBXSourcesBuildPhase;
			buildActionMask = 2147483647;
			files = (
				557E84831C8D888F00AAF6B9 /* OHAutoNIBiOS.m in Sources */,
				1D60589B0D05DD56006BFB54 /* main.m in Sources */,
				1D3623260D0F684500981E51 /* OHAutoNIBi18n_AppDelegate.m in Sources */,
				0968D7FB135F875C00E937B9 /* OHAutoNIBi18n.m in Sources */,
				47A2A8CE17D614E900E6D434 /* MainViewController.m in Sources */,
			);
			runOnlyForDeploymentPostprocessing = 0;
		};
		557E845E1C8D75D600AAF6B9 /* Sources */ = {
			isa = PBXSourcesBuildPhase;
			buildActionMask = 2147483647;
			files = (
				557E848A1C8DB4E600AAF6B9 /* OHAutoNIBi18n.m in Sources */,
				557E846C1C8D75D600AAF6B9 /* ExtensionDelegate.m in Sources */,
				557E84691C8D75D600AAF6B9 /* InterfaceController.m in Sources */,
			);
			runOnlyForDeploymentPostprocessing = 0;
		};
/* End PBXSourcesBuildPhase section */

/* Begin PBXTargetDependency section */
		557E84651C8D75D600AAF6B9 /* PBXTargetDependency */ = {
			isa = PBXTargetDependency;
			target = 557E84611C8D75D600AAF6B9 /* watch Extension */;
			targetProxy = 557E84641C8D75D600AAF6B9 /* PBXContainerItemProxy */;
		};
		557E84711C8D75D600AAF6B9 /* PBXTargetDependency */ = {
			isa = PBXTargetDependency;
			target = 557E84551C8D75D600AAF6B9 /* watch */;
			targetProxy = 557E84701C8D75D600AAF6B9 /* PBXContainerItemProxy */;
		};
/* End PBXTargetDependency section */

/* Begin PBXVariantGroup section */
		0969D1B5135B1D7F00E5170E /* Flag.png */ = {
			isa = PBXVariantGroup;
			children = (
				0969D1B2135B1D6F00E5170E /* English */,
				0969D1B7135B1DAA00E5170E /* French */,
			);
			name = Flag.png;
			sourceTree = "<group>";
		};
		0969D1BA135B1E0500E5170E /* Localizable.strings */ = {
			isa = PBXVariantGroup;
			children = (
				0969D1B8135B1DD400E5170E /* English */,
				0969D1BC135B1E0A00E5170E /* French */,
			);
			name = Localizable.strings;
			sourceTree = "<group>";
		};
		557E84581C8D75D600AAF6B9 /* Interface.storyboard */ = {
			isa = PBXVariantGroup;
			children = (
				557E84591C8D75D600AAF6B9 /* Base */,
			);
			name = Interface.storyboard;
			sourceTree = "<group>";
		};
/* End PBXVariantGroup section */

/* Begin XCBuildConfiguration section */
		1D6058940D05DD3E006BFB54 /* Debug */ = {
			isa = XCBuildConfiguration;
			buildSettings = {
				ALWAYS_SEARCH_USER_PATHS = NO;
				CLANG_ENABLE_OBJC_ARC = YES;
				COPY_PHASE_STRIP = NO;
				GCC_DYNAMIC_NO_PIC = NO;
				GCC_OPTIMIZATION_LEVEL = 0;
				GCC_PRECOMPILE_PREFIX_HEADER = YES;
				GCC_PREFIX_HEADER = OHAutoNIBi18n_Prefix.pch;
				INFOPLIST_FILE = "OHAutoNIBi18n-Info.plist";
				IPHONEOS_DEPLOYMENT_TARGET = 4.3;
				PRODUCT_BUNDLE_IDENTIFIER = "com.alisoftware.$(PRODUCT_NAME:rfc1034identifier)";
				PRODUCT_NAME = OHAutoNIBi18n;
				TARGETED_DEVICE_FAMILY = "1,2";
			};
			name = Debug;
		};
		1D6058950D05DD3E006BFB54 /* Release */ = {
			isa = XCBuildConfiguration;
			buildSettings = {
				ALWAYS_SEARCH_USER_PATHS = NO;
				CLANG_ENABLE_OBJC_ARC = YES;
				COPY_PHASE_STRIP = YES;
				GCC_PRECOMPILE_PREFIX_HEADER = YES;
				GCC_PREFIX_HEADER = OHAutoNIBi18n_Prefix.pch;
				INFOPLIST_FILE = "OHAutoNIBi18n-Info.plist";
				IPHONEOS_DEPLOYMENT_TARGET = 4.3;
				PRODUCT_BUNDLE_IDENTIFIER = "com.alisoftware.$(PRODUCT_NAME:rfc1034identifier)";
				PRODUCT_NAME = OHAutoNIBi18n;
				TARGETED_DEVICE_FAMILY = "1,2";
				VALIDATE_PRODUCT = YES;
			};
			name = Release;
		};
		557E84731C8D75D600AAF6B9 /* Debug */ = {
			isa = XCBuildConfiguration;
			buildSettings = {
				ALWAYS_SEARCH_USER_PATHS = NO;
				ASSETCATALOG_COMPILER_APPICON_NAME = AppIcon;
				CLANG_ANALYZER_NONNULL = YES;
				CLANG_CXX_LANGUAGE_STANDARD = "gnu++0x";
				CLANG_CXX_LIBRARY = "libc++";
				CLANG_ENABLE_MODULES = YES;
				CLANG_ENABLE_OBJC_ARC = YES;
				CLANG_WARN_BOOL_CONVERSION = YES;
				CLANG_WARN_CONSTANT_CONVERSION = YES;
				CLANG_WARN_DIRECT_OBJC_ISA_USAGE = YES_ERROR;
				CLANG_WARN_EMPTY_BODY = YES;
				CLANG_WARN_ENUM_CONVERSION = YES;
				CLANG_WARN_INT_CONVERSION = YES;
				CLANG_WARN_OBJC_ROOT_CLASS = YES_ERROR;
				CLANG_WARN_UNREACHABLE_CODE = YES;
				CLANG_WARN__DUPLICATE_METHOD_MATCH = YES;
				COPY_PHASE_STRIP = NO;
				DEBUG_INFORMATION_FORMAT = dwarf;
				ENABLE_STRICT_OBJC_MSGSEND = YES;
				ENABLE_TESTABILITY = YES;
				GCC_C_LANGUAGE_STANDARD = gnu99;
				GCC_DYNAMIC_NO_PIC = NO;
				GCC_NO_COMMON_BLOCKS = YES;
				GCC_OPTIMIZATION_LEVEL = 0;
				GCC_PREPROCESSOR_DEFINITIONS = (
					"DEBUG=1",
					"$(inherited)",
				);
				GCC_WARN_64_TO_32_BIT_CONVERSION = YES;
				GCC_WARN_ABOUT_RETURN_TYPE = YES_ERROR;
				GCC_WARN_UNDECLARED_SELECTOR = YES;
				GCC_WARN_UNINITIALIZED_AUTOS = YES_AGGRESSIVE;
				GCC_WARN_UNUSED_FUNCTION = YES;
				IBSC_MODULE = watch_Extension;
				INFOPLIST_FILE = watch/Info.plist;
				MTL_ENABLE_DEBUG_INFO = YES;
				PRODUCT_BUNDLE_IDENTIFIER = com.alisoftware.OHAutoNIBi18n.watchkitapp;
				PRODUCT_NAME = "$(TARGET_NAME)";
				SDKROOT = watchos;
				SKIP_INSTALL = YES;
				TARGETED_DEVICE_FAMILY = 4;
				WATCHOS_DEPLOYMENT_TARGET = 2.2;
			};
			name = Debug;
		};
		557E84741C8D75D600AAF6B9 /* Release */ = {
			isa = XCBuildConfiguration;
			buildSettings = {
				ALWAYS_SEARCH_USER_PATHS = NO;
				ASSETCATALOG_COMPILER_APPICON_NAME = AppIcon;
				CLANG_ANALYZER_NONNULL = YES;
				CLANG_CXX_LANGUAGE_STANDARD = "gnu++0x";
				CLANG_CXX_LIBRARY = "libc++";
				CLANG_ENABLE_MODULES = YES;
				CLANG_ENABLE_OBJC_ARC = YES;
				CLANG_WARN_BOOL_CONVERSION = YES;
				CLANG_WARN_CONSTANT_CONVERSION = YES;
				CLANG_WARN_DIRECT_OBJC_ISA_USAGE = YES_ERROR;
				CLANG_WARN_EMPTY_BODY = YES;
				CLANG_WARN_ENUM_CONVERSION = YES;
				CLANG_WARN_INT_CONVERSION = YES;
				CLANG_WARN_OBJC_ROOT_CLASS = YES_ERROR;
				CLANG_WARN_UNREACHABLE_CODE = YES;
				CLANG_WARN__DUPLICATE_METHOD_MATCH = YES;
				COPY_PHASE_STRIP = NO;
				DEBUG_INFORMATION_FORMAT = "dwarf-with-dsym";
				ENABLE_NS_ASSERTIONS = NO;
				ENABLE_STRICT_OBJC_MSGSEND = YES;
				GCC_C_LANGUAGE_STANDARD = gnu99;
				GCC_NO_COMMON_BLOCKS = YES;
				GCC_WARN_64_TO_32_BIT_CONVERSION = YES;
				GCC_WARN_ABOUT_RETURN_TYPE = YES_ERROR;
				GCC_WARN_UNDECLARED_SELECTOR = YES;
				GCC_WARN_UNINITIALIZED_AUTOS = YES_AGGRESSIVE;
				GCC_WARN_UNUSED_FUNCTION = YES;
				IBSC_MODULE = watch_Extension;
				INFOPLIST_FILE = watch/Info.plist;
				MTL_ENABLE_DEBUG_INFO = NO;
				PRODUCT_BUNDLE_IDENTIFIER = com.alisoftware.OHAutoNIBi18n.watchkitapp;
				PRODUCT_NAME = "$(TARGET_NAME)";
				SDKROOT = watchos;
				SKIP_INSTALL = YES;
				TARGETED_DEVICE_FAMILY = 4;
				VALIDATE_PRODUCT = YES;
				WATCHOS_DEPLOYMENT_TARGET = 2.2;
			};
			name = Release;
		};
		557E84751C8D75D600AAF6B9 /* Debug */ = {
			isa = XCBuildConfiguration;
			buildSettings = {
				ALWAYS_SEARCH_USER_PATHS = NO;
				CLANG_ANALYZER_NONNULL = YES;
				CLANG_CXX_LANGUAGE_STANDARD = "gnu++0x";
				CLANG_CXX_LIBRARY = "libc++";
				CLANG_ENABLE_MODULES = YES;
				CLANG_ENABLE_OBJC_ARC = YES;
				CLANG_WARN_BOOL_CONVERSION = YES;
				CLANG_WARN_CONSTANT_CONVERSION = YES;
				CLANG_WARN_DIRECT_OBJC_ISA_USAGE = YES_ERROR;
				CLANG_WARN_EMPTY_BODY = YES;
				CLANG_WARN_ENUM_CONVERSION = YES;
				CLANG_WARN_INT_CONVERSION = YES;
				CLANG_WARN_OBJC_ROOT_CLASS = YES_ERROR;
				CLANG_WARN_UNREACHABLE_CODE = YES;
				CLANG_WARN__DUPLICATE_METHOD_MATCH = YES;
				COPY_PHASE_STRIP = NO;
				DEBUG_INFORMATION_FORMAT = dwarf;
				ENABLE_STRICT_OBJC_MSGSEND = YES;
				ENABLE_TESTABILITY = YES;
				GCC_C_LANGUAGE_STANDARD = gnu99;
				GCC_DYNAMIC_NO_PIC = NO;
				GCC_NO_COMMON_BLOCKS = YES;
				GCC_OPTIMIZATION_LEVEL = 0;
				GCC_PREFIX_HEADER = "watch Extension/watchExtension.pch";
				GCC_PREPROCESSOR_DEFINITIONS = (
					"DEBUG=1",
					"$(inherited)",
				);
				GCC_WARN_64_TO_32_BIT_CONVERSION = YES;
				GCC_WARN_ABOUT_RETURN_TYPE = YES_ERROR;
				GCC_WARN_UNDECLARED_SELECTOR = YES;
				GCC_WARN_UNINITIALIZED_AUTOS = YES_AGGRESSIVE;
				GCC_WARN_UNUSED_FUNCTION = YES;
				INFOPLIST_FILE = "watch Extension/Info.plist";
				LD_RUNPATH_SEARCH_PATHS = "$(inherited) @executable_path/Frameworks @executable_path/../../Frameworks";
				MTL_ENABLE_DEBUG_INFO = YES;
				PRODUCT_BUNDLE_IDENTIFIER = com.alisoftware.OHAutoNIBi18n.watchkitapp.watchkitextension;
				PRODUCT_NAME = "${TARGET_NAME}";
				SDKROOT = watchos;
				SKIP_INSTALL = YES;
				TARGETED_DEVICE_FAMILY = 4;
				WATCHOS_DEPLOYMENT_TARGET = 2.2;
			};
			name = Debug;
		};
		557E84761C8D75D600AAF6B9 /* Release */ = {
			isa = XCBuildConfiguration;
			buildSettings = {
				ALWAYS_SEARCH_USER_PATHS = NO;
				CLANG_ANALYZER_NONNULL = YES;
				CLANG_CXX_LANGUAGE_STANDARD = "gnu++0x";
				CLANG_CXX_LIBRARY = "libc++";
				CLANG_ENABLE_MODULES = YES;
				CLANG_ENABLE_OBJC_ARC = YES;
				CLANG_WARN_BOOL_CONVERSION = YES;
				CLANG_WARN_CONSTANT_CONVERSION = YES;
				CLANG_WARN_DIRECT_OBJC_ISA_USAGE = YES_ERROR;
				CLANG_WARN_EMPTY_BODY = YES;
				CLANG_WARN_ENUM_CONVERSION = YES;
				CLANG_WARN_INT_CONVERSION = YES;
				CLANG_WARN_OBJC_ROOT_CLASS = YES_ERROR;
				CLANG_WARN_UNREACHABLE_CODE = YES;
				CLANG_WARN__DUPLICATE_METHOD_MATCH = YES;
				COPY_PHASE_STRIP = NO;
				DEBUG_INFORMATION_FORMAT = "dwarf-with-dsym";
				ENABLE_NS_ASSERTIONS = NO;
				ENABLE_STRICT_OBJC_MSGSEND = YES;
				GCC_C_LANGUAGE_STANDARD = gnu99;
				GCC_NO_COMMON_BLOCKS = YES;
				GCC_PREFIX_HEADER = "watch Extension/watchExtension.pch";
				GCC_WARN_64_TO_32_BIT_CONVERSION = YES;
				GCC_WARN_ABOUT_RETURN_TYPE = YES_ERROR;
				GCC_WARN_UNDECLARED_SELECTOR = YES;
				GCC_WARN_UNINITIALIZED_AUTOS = YES_AGGRESSIVE;
				GCC_WARN_UNUSED_FUNCTION = YES;
				INFOPLIST_FILE = "watch Extension/Info.plist";
				LD_RUNPATH_SEARCH_PATHS = "$(inherited) @executable_path/Frameworks @executable_path/../../Frameworks";
				MTL_ENABLE_DEBUG_INFO = NO;
				PRODUCT_BUNDLE_IDENTIFIER = com.alisoftware.OHAutoNIBi18n.watchkitapp.watchkitextension;
				PRODUCT_NAME = "${TARGET_NAME}";
				SDKROOT = watchos;
				SKIP_INSTALL = YES;
				TARGETED_DEVICE_FAMILY = 4;
				VALIDATE_PRODUCT = YES;
				WATCHOS_DEPLOYMENT_TARGET = 2.2;
			};
			name = Release;
		};
		C01FCF4F08A954540054247B /* Debug */ = {
			isa = XCBuildConfiguration;
			buildSettings = {
				"CODE_SIGN_IDENTITY[sdk=iphoneos*]" = "iPhone Developer";
				ENABLE_TESTABILITY = YES;
				GCC_C_LANGUAGE_STANDARD = c99;
				GCC_WARN_ABOUT_RETURN_TYPE = YES;
				GCC_WARN_UNUSED_VARIABLE = YES;
				ONLY_ACTIVE_ARCH = YES;
				SDKROOT = iphoneos;
			};
			name = Debug;
		};
		C01FCF5008A954540054247B /* Release */ = {
			isa = XCBuildConfiguration;
			buildSettings = {
				"CODE_SIGN_IDENTITY[sdk=iphoneos*]" = "iPhone Developer";
				GCC_C_LANGUAGE_STANDARD = c99;
				GCC_WARN_ABOUT_RETURN_TYPE = YES;
				GCC_WARN_UNUSED_VARIABLE = YES;
				OTHER_CFLAGS = "-DNS_BLOCK_ASSERTIONS=1";
				SDKROOT = iphoneos;
			};
			name = Release;
		};
/* End XCBuildConfiguration section */

/* Begin XCConfigurationList section */
		1D6058960D05DD3E006BFB54 /* Build configuration list for PBXNativeTarget "OHAutoNIBi18n" */ = {
			isa = XCConfigurationList;
			buildConfigurations = (
				1D6058940D05DD3E006BFB54 /* Debug */,
				1D6058950D05DD3E006BFB54 /* Release */,
			);
			defaultConfigurationIsVisible = 0;
			defaultConfigurationName = Release;
		};
		557E84771C8D75D600AAF6B9 /* Build configuration list for PBXNativeTarget "watch Extension" */ = {
			isa = XCConfigurationList;
			buildConfigurations = (
				557E84751C8D75D600AAF6B9 /* Debug */,
				557E84761C8D75D600AAF6B9 /* Release */,
			);
			defaultConfigurationIsVisible = 0;
			defaultConfigurationName = Release;
		};
		557E84791C8D75D600AAF6B9 /* Build configuration list for PBXNativeTarget "watch" */ = {
			isa = XCConfigurationList;
			buildConfigurations = (
				557E84731C8D75D600AAF6B9 /* Debug */,
				557E84741C8D75D600AAF6B9 /* Release */,
			);
			defaultConfigurationIsVisible = 0;
			defaultConfigurationName = Release;
		};
		C01FCF4E08A954540054247B /* Build configuration list for PBXProject "OHAutoNIBi18n" */ = {
			isa = XCConfigurationList;
			buildConfigurations = (
				C01FCF4F08A954540054247B /* Debug */,
				C01FCF5008A954540054247B /* Release */,
			);
			defaultConfigurationIsVisible = 0;
			defaultConfigurationName = Release;
		};
/* End XCConfigurationList section */
	};
	rootObject = 29B97313FDCFA39411CA2CEA /* Project object */;
}
